// !$*UTF8*$!
{
	archiveVersion = 1;
	classes = {
	};
	objectVersion = 56;
	objects = {

/* Begin PBXBuildFile section */
		9E692AFD2C37585F004B94E5 /* DataService.swift in Sources */ = {isa = PBXBuildFile; fileRef = 9E692AFC2C37585F004B94E5 /* DataService.swift */; };
		9E692AFF2C375F71004B94E5 /* BusinessSearch.swift in Sources */ = {isa = PBXBuildFile; fileRef = 9E692AFE2C375F71004B94E5 /* BusinessSearch.swift */; };
		9E692B012C375FB3004B94E5 /* Business.swift in Sources */ = {isa = PBXBuildFile; fileRef = 9E692B002C375FB3004B94E5 /* Business.swift */; };
		9E692B032C3770E1004B94E5 /* TextHelper.swift in Sources */ = {isa = PBXBuildFile; fileRef = 9E692B022C3770E1004B94E5 /* TextHelper.swift */; };
		9E692B052C3776B2004B94E5 /* BusinessDetailView.swift in Sources */ = {isa = PBXBuildFile; fileRef = 9E692B042C3776B2004B94E5 /* BusinessDetailView.swift */; };
		9E692B082C378C7C004B94E5 /* BusinessViewModel.swift in Sources */ = {isa = PBXBuildFile; fileRef = 9E692B072C378C7C004B94E5 /* BusinessViewModel.swift */; };
		9E692B0A2C378F21004B94E5 /* MapView.swift in Sources */ = {isa = PBXBuildFile; fileRef = 9E692B092C378F21004B94E5 /* MapView.swift */; };
		9E692B0C2C378F8E004B94E5 /* ListView.swift in Sources */ = {isa = PBXBuildFile; fileRef = 9E692B0B2C378F8E004B94E5 /* ListView.swift */; };
		9EAB261C2C359FFA009C2418 /* CitySightsApp.swift in Sources */ = {isa = PBXBuildFile; fileRef = 9EAB261B2C359FFA009C2418 /* CitySightsApp.swift */; };
		9EAB261E2C359FFA009C2418 /* HomeView.swift in Sources */ = {isa = PBXBuildFile; fileRef = 9EAB261D2C359FFA009C2418 /* HomeView.swift */; };
		9EAB26202C359FFB009C2418 /* Assets.xcassets in Resources */ = {isa = PBXBuildFile; fileRef = 9EAB261F2C359FFB009C2418 /* Assets.xcassets */; };
		9EAB26232C359FFB009C2418 /* Preview Assets.xcassets in Resources */ = {isa = PBXBuildFile; fileRef = 9EAB26222C359FFB009C2418 /* Preview Assets.xcassets */; };
		9EB454682C3845210029E180 /* OnboardingView.swift in Sources */ = {isa = PBXBuildFile; fileRef = 9EB454672C3845210029E180 /* OnboardingView.swift */; };
		9EB4546B2C3849540029E180 /* OnboardingViewDetails.swift in Sources */ = {isa = PBXBuildFile; fileRef = 9EB4546A2C3849540029E180 /* OnboardingViewDetails.swift */; };
/* End PBXBuildFile section */

/* Begin PBXFileReference section */
		9E692AFC2C37585F004B94E5 /* DataService.swift */ = {isa = PBXFileReference; lastKnownFileType = sourcecode.swift; path = DataService.swift; sourceTree = "<group>"; };
		9E692AFE2C375F71004B94E5 /* BusinessSearch.swift */ = {isa = PBXFileReference; lastKnownFileType = sourcecode.swift; path = BusinessSearch.swift; sourceTree = "<group>"; };
		9E692B002C375FB3004B94E5 /* Business.swift */ = {isa = PBXFileReference; lastKnownFileType = sourcecode.swift; path = Business.swift; sourceTree = "<group>"; };
		9E692B022C3770E1004B94E5 /* TextHelper.swift */ = {isa = PBXFileReference; lastKnownFileType = sourcecode.swift; path = TextHelper.swift; sourceTree = "<group>"; };
		9E692B042C3776B2004B94E5 /* BusinessDetailView.swift */ = {isa = PBXFileReference; lastKnownFileType = sourcecode.swift; path = BusinessDetailView.swift; sourceTree = "<group>"; };
		9E692B072C378C7C004B94E5 /* BusinessViewModel.swift */ = {isa = PBXFileReference; lastKnownFileType = sourcecode.swift; path = BusinessViewModel.swift; sourceTree = "<group>"; };
		9E692B092C378F21004B94E5 /* MapView.swift */ = {isa = PBXFileReference; lastKnownFileType = sourcecode.swift; path = MapView.swift; sourceTree = "<group>"; };
		9E692B0B2C378F8E004B94E5 /* ListView.swift */ = {isa = PBXFileReference; lastKnownFileType = sourcecode.swift; path = ListView.swift; sourceTree = "<group>"; };
		9EAB26182C359FFA009C2418 /* CitySights.app */ = {isa = PBXFileReference; explicitFileType = wrapper.application; includeInIndex = 0; path = CitySights.app; sourceTree = BUILT_PRODUCTS_DIR; };
		9EAB261B2C359FFA009C2418 /* CitySightsApp.swift */ = {isa = PBXFileReference; lastKnownFileType = sourcecode.swift; path = CitySightsApp.swift; sourceTree = "<group>"; };
		9EAB261D2C359FFA009C2418 /* HomeView.swift */ = {isa = PBXFileReference; lastKnownFileType = sourcecode.swift; path = HomeView.swift; sourceTree = "<group>"; };
		9EAB261F2C359FFB009C2418 /* Assets.xcassets */ = {isa = PBXFileReference; lastKnownFileType = folder.assetcatalog; path = Assets.xcassets; sourceTree = "<group>"; };
		9EAB26222C359FFB009C2418 /* Preview Assets.xcassets */ = {isa = PBXFileReference; lastKnownFileType = folder.assetcatalog; path = "Preview Assets.xcassets"; sourceTree = "<group>"; };
		9EAB26292C35A036009C2418 /* Config.xcconfig */ = {isa = PBXFileReference; lastKnownFileType = text.xcconfig; path = Config.xcconfig; sourceTree = "<group>"; };
		9EAB262A2C35A252009C2418 /* Info.plist */ = {isa = PBXFileReference; lastKnownFileType = text.plist; path = Info.plist; sourceTree = "<group>"; };
		9EB454672C3845210029E180 /* OnboardingView.swift */ = {isa = PBXFileReference; lastKnownFileType = sourcecode.swift; path = OnboardingView.swift; sourceTree = "<group>"; };
		9EB4546A2C3849540029E180 /* OnboardingViewDetails.swift */ = {isa = PBXFileReference; lastKnownFileType = sourcecode.swift; path = OnboardingViewDetails.swift; sourceTree = "<group>"; };
/* End PBXFileReference section */

/* Begin PBXFrameworksBuildPhase section */
		9EAB26152C359FFA009C2418 /* Frameworks */ = {
			isa = PBXFrameworksBuildPhase;
			buildActionMask = 2147483647;
			files = (
			);
			runOnlyForDeploymentPostprocessing = 0;
		};
/* End PBXFrameworksBuildPhase section */

/* Begin PBXGroup section */
		9E692AF72C3715D2004B94E5 /* Helpers */ = {
			isa = PBXGroup;
			children = (
				9E692B022C3770E1004B94E5 /* TextHelper.swift */,
			);
			path = Helpers;
			sourceTree = "<group>";
		};
		9E692AF82C3715D8004B94E5 /* Services */ = {
			isa = PBXGroup;
			children = (
				9E692AFC2C37585F004B94E5 /* DataService.swift */,
			);
			path = Services;
			sourceTree = "<group>";
		};
		9E692AF92C3715E2004B94E5 /* Models */ = {
			isa = PBXGroup;
			children = (
				9E692AFE2C375F71004B94E5 /* BusinessSearch.swift */,
				9E692B002C375FB3004B94E5 /* Business.swift */,
			);
			path = Models;
			sourceTree = "<group>";
		};
		9E692AFA2C3715EB004B94E5 /* Components */ = {
			isa = PBXGroup;
			children = (
			);
			path = Components;
			sourceTree = "<group>";
		};
		9E692AFB2C3715F4004B94E5 /* Views */ = {
			isa = PBXGroup;
			children = (
				9EB454692C3849340029E180 /* Onboarding */,
				9EAB261D2C359FFA009C2418 /* HomeView.swift */,
				9E692B042C3776B2004B94E5 /* BusinessDetailView.swift */,
				9E692B092C378F21004B94E5 /* MapView.swift */,
				9E692B0B2C378F8E004B94E5 /* ListView.swift */,
			);
			path = Views;
			sourceTree = "<group>";
		};
		9E692B062C378C5C004B94E5 /* ViewModel */ = {
			isa = PBXGroup;
			children = (
				9E692B072C378C7C004B94E5 /* BusinessViewModel.swift */,
			);
			path = ViewModel;
			sourceTree = "<group>";
		};
		9EAB260F2C359FFA009C2418 = {
			isa = PBXGroup;
			children = (
				9EAB261A2C359FFA009C2418 /* CitySights */,
				9EAB26192C359FFA009C2418 /* Products */,
			);
			sourceTree = "<group>";
		};
		9EAB26192C359FFA009C2418 /* Products */ = {
			isa = PBXGroup;
			children = (
				9EAB26182C359FFA009C2418 /* CitySights.app */,
			);
			name = Products;
			sourceTree = "<group>";
		};
		9EAB261A2C359FFA009C2418 /* CitySights */ = {
			isa = PBXGroup;
			children = (
				9E692B062C378C5C004B94E5 /* ViewModel */,
				9E692AFB2C3715F4004B94E5 /* Views */,
				9E692AFA2C3715EB004B94E5 /* Components */,
				9E692AF92C3715E2004B94E5 /* Models */,
				9E692AF82C3715D8004B94E5 /* Services */,
				9E692AF72C3715D2004B94E5 /* Helpers */,
				9EAB262A2C35A252009C2418 /* Info.plist */,
				9EAB26292C35A036009C2418 /* Config.xcconfig */,
				9EAB261B2C359FFA009C2418 /* CitySightsApp.swift */,
				9EAB261F2C359FFB009C2418 /* Assets.xcassets */,
				9EAB26212C359FFB009C2418 /* Preview Content */,
			);
			path = CitySights;
			sourceTree = "<group>";
		};
		9EAB26212C359FFB009C2418 /* Preview Content */ = {
			isa = PBXGroup;
			children = (
				9EAB26222C359FFB009C2418 /* Preview Assets.xcassets */,
			);
			path = "Preview Content";
			sourceTree = "<group>";
		};
		9EB454692C3849340029E180 /* Onboarding */ = {
			isa = PBXGroup;
			children = (
				9EB454672C3845210029E180 /* OnboardingView.swift */,
				9EB4546A2C3849540029E180 /* OnboardingViewDetails.swift */,
			);
			path = Onboarding;
			sourceTree = "<group>";
		};
/* End PBXGroup section */

/* Begin PBXNativeTarget section */
		9EAB26172C359FFA009C2418 /* CitySights */ = {
			isa = PBXNativeTarget;
			buildConfigurationList = 9EAB26262C359FFB009C2418 /* Build configuration list for PBXNativeTarget "CitySights" */;
			buildPhases = (
				9EAB26142C359FFA009C2418 /* Sources */,
				9EAB26152C359FFA009C2418 /* Frameworks */,
				9EAB26162C359FFA009C2418 /* Resources */,
			);
			buildRules = (
			);
			dependencies = (
			);
			name = CitySights;
			productName = CitySights;
			productReference = 9EAB26182C359FFA009C2418 /* CitySights.app */;
			productType = "com.apple.product-type.application";
		};
/* End PBXNativeTarget section */

/* Begin PBXProject section */
		9EAB26102C359FFA009C2418 /* Project object */ = {
			isa = PBXProject;
			attributes = {
				BuildIndependentTargetsInParallel = 1;
				LastSwiftUpdateCheck = 1540;
				LastUpgradeCheck = 1540;
				TargetAttributes = {
					9EAB26172C359FFA009C2418 = {
						CreatedOnToolsVersion = 15.4;
					};
				};
			};
			buildConfigurationList = 9EAB26132C359FFA009C2418 /* Build configuration list for PBXProject "CitySights" */;
			compatibilityVersion = "Xcode 14.0";
			developmentRegion = en;
			hasScannedForEncodings = 0;
			knownRegions = (
				en,
				Base,
			);
			mainGroup = 9EAB260F2C359FFA009C2418;
			productRefGroup = 9EAB26192C359FFA009C2418 /* Products */;
			projectDirPath = "";
			projectRoot = "";
			targets = (
				9EAB26172C359FFA009C2418 /* CitySights */,
			);
		};
/* End PBXProject section */

/* Begin PBXResourcesBuildPhase section */
		9EAB26162C359FFA009C2418 /* Resources */ = {
			isa = PBXResourcesBuildPhase;
			buildActionMask = 2147483647;
			files = (
				9EAB26232C359FFB009C2418 /* Preview Assets.xcassets in Resources */,
				9EAB26202C359FFB009C2418 /* Assets.xcassets in Resources */,
			);
			runOnlyForDeploymentPostprocessing = 0;
		};
/* End PBXResourcesBuildPhase section */

/* Begin PBXSourcesBuildPhase section */
		9EAB26142C359FFA009C2418 /* Sources */ = {
			isa = PBXSourcesBuildPhase;
			buildActionMask = 2147483647;
			files = (
				9E692AFD2C37585F004B94E5 /* DataService.swift in Sources */,
				9E692B052C3776B2004B94E5 /* BusinessDetailView.swift in Sources */,
				9E692B0C2C378F8E004B94E5 /* ListView.swift in Sources */,
				9E692B082C378C7C004B94E5 /* BusinessViewModel.swift in Sources */,
				9E692AFF2C375F71004B94E5 /* BusinessSearch.swift in Sources */,
				9EAB261E2C359FFA009C2418 /* HomeView.swift in Sources */,
				9E692B012C375FB3004B94E5 /* Business.swift in Sources */,
				9E692B032C3770E1004B94E5 /* TextHelper.swift in Sources */,
				9E692B0A2C378F21004B94E5 /* MapView.swift in Sources */,
				9EAB261C2C359FFA009C2418 /* CitySightsApp.swift in Sources */,
				9EB4546B2C3849540029E180 /* OnboardingViewDetails.swift in Sources */,
				9EB454682C3845210029E180 /* OnboardingView.swift in Sources */,
			);
			runOnlyForDeploymentPostprocessing = 0;
		};
/* End PBXSourcesBuildPhase section */

/* Begin XCBuildConfiguration section */
		9EAB26242C359FFB009C2418 /* Debug */ = {
			isa = XCBuildConfiguration;
			baseConfigurationReference = 9EAB26292C35A036009C2418 /* Config.xcconfig */;
			buildSettings = {
				ALWAYS_SEARCH_USER_PATHS = NO;
				ASSETCATALOG_COMPILER_GENERATE_SWIFT_ASSET_SYMBOL_EXTENSIONS = YES;
				CLANG_ANALYZER_NONNULL = YES;
				CLANG_ANALYZER_NUMBER_OBJECT_CONVERSION = YES_AGGRESSIVE;
				CLANG_CXX_LANGUAGE_STANDARD = "gnu++20";
				CLANG_ENABLE_MODULES = YES;
				CLANG_ENABLE_OBJC_ARC = YES;
				CLANG_ENABLE_OBJC_WEAK = YES;
				CLANG_WARN_BLOCK_CAPTURE_AUTORELEASING = YES;
				CLANG_WARN_BOOL_CONVERSION = YES;
				CLANG_WARN_COMMA = YES;
				CLANG_WARN_CONSTANT_CONVERSION = YES;
				CLANG_WARN_DEPRECATED_OBJC_IMPLEMENTATIONS = YES;
				CLANG_WARN_DIRECT_OBJC_ISA_USAGE = YES_ERROR;
				CLANG_WARN_DOCUMENTATION_COMMENTS = YES;
				CLANG_WARN_EMPTY_BODY = YES;
				CLANG_WARN_ENUM_CONVERSION = YES;
				CLANG_WARN_INFINITE_RECURSION = YES;
				CLANG_WARN_INT_CONVERSION = YES;
				CLANG_WARN_NON_LITERAL_NULL_CONVERSION = YES;
				CLANG_WARN_OBJC_IMPLICIT_RETAIN_SELF = YES;
				CLANG_WARN_OBJC_LITERAL_CONVERSION = YES;
				CLANG_WARN_OBJC_ROOT_CLASS = YES_ERROR;
				CLANG_WARN_QUOTED_INCLUDE_IN_FRAMEWORK_HEADER = YES;
				CLANG_WARN_RANGE_LOOP_ANALYSIS = YES;
				CLANG_WARN_STRICT_PROTOTYPES = YES;
				CLANG_WARN_SUSPICIOUS_MOVE = YES;
				CLANG_WARN_UNGUARDED_AVAILABILITY = YES_AGGRESSIVE;
				CLANG_WARN_UNREACHABLE_CODE = YES;
				CLANG_WARN__DUPLICATE_METHOD_MATCH = YES;
				COPY_PHASE_STRIP = NO;
				DEBUG_INFORMATION_FORMAT = dwarf;
				ENABLE_STRICT_OBJC_MSGSEND = YES;
				ENABLE_TESTABILITY = YES;
				ENABLE_USER_SCRIPT_SANDBOXING = YES;
				GCC_C_LANGUAGE_STANDARD = gnu17;
				GCC_DYNAMIC_NO_PIC = NO;
				GCC_NO_COMMON_BLOCKS = YES;
				GCC_OPTIMIZATION_LEVEL = 0;
				GCC_PREPROCESSOR_DEFINITIONS = (
					"DEBUG=1",
					"$(inherited)",
				);
				GCC_WARN_64_TO_32_BIT_CONVERSION = YES;
				GCC_WARN_ABOUT_RETURN_TYPE = YES_ERROR;
				GCC_WARN_UNDECLARED_SELECTOR = YES;
				GCC_WARN_UNINITIALIZED_AUTOS = YES_AGGRESSIVE;
				GCC_WARN_UNUSED_FUNCTION = YES;
				GCC_WARN_UNUSED_VARIABLE = YES;
				IPHONEOS_DEPLOYMENT_TARGET = 17.5;
				LOCALIZATION_PREFERS_STRING_CATALOGS = YES;
				MTL_ENABLE_DEBUG_INFO = INCLUDE_SOURCE;
				MTL_FAST_MATH = YES;
				ONLY_ACTIVE_ARCH = YES;
				SDKROOT = iphoneos;
				SWIFT_ACTIVE_COMPILATION_CONDITIONS = "DEBUG $(inherited)";
				SWIFT_OPTIMIZATION_LEVEL = "-Onone";
			};
			name = Debug;
		};
		9EAB26252C359FFB009C2418 /* Release */ = {
			isa = XCBuildConfiguration;
			baseConfigurationReference = 9EAB26292C35A036009C2418 /* Config.xcconfig */;
			buildSettings = {
				ALWAYS_SEARCH_USER_PATHS = NO;
				ASSETCATALOG_COMPILER_GENERATE_SWIFT_ASSET_SYMBOL_EXTENSIONS = YES;
				CLANG_ANALYZER_NONNULL = YES;
				CLANG_ANALYZER_NUMBER_OBJECT_CONVERSION = YES_AGGRESSIVE;
				CLANG_CXX_LANGUAGE_STANDARD = "gnu++20";
				CLANG_ENABLE_MODULES = YES;
				CLANG_ENABLE_OBJC_ARC = YES;
				CLANG_ENABLE_OBJC_WEAK = YES;
				CLANG_WARN_BLOCK_CAPTURE_AUTORELEASING = YES;
				CLANG_WARN_BOOL_CONVERSION = YES;
				CLANG_WARN_COMMA = YES;
				CLANG_WARN_CONSTANT_CONVERSION = YES;
				CLANG_WARN_DEPRECATED_OBJC_IMPLEMENTATIONS = YES;
				CLANG_WARN_DIRECT_OBJC_ISA_USAGE = YES_ERROR;
				CLANG_WARN_DOCUMENTATION_COMMENTS = YES;
				CLANG_WARN_EMPTY_BODY = YES;
				CLANG_WARN_ENUM_CONVERSION = YES;
				CLANG_WARN_INFINITE_RECURSION = YES;
				CLANG_WARN_INT_CONVERSION = YES;
				CLANG_WARN_NON_LITERAL_NULL_CONVERSION = YES;
				CLANG_WARN_OBJC_IMPLICIT_RETAIN_SELF = YES;
				CLANG_WARN_OBJC_LITERAL_CONVERSION = YES;
				CLANG_WARN_OBJC_ROOT_CLASS = YES_ERROR;
				CLANG_WARN_QUOTED_INCLUDE_IN_FRAMEWORK_HEADER = YES;
				CLANG_WARN_RANGE_LOOP_ANALYSIS = YES;
				CLANG_WARN_STRICT_PROTOTYPES = YES;
				CLANG_WARN_SUSPICIOUS_MOVE = YES;
				CLANG_WARN_UNGUARDED_AVAILABILITY = YES_AGGRESSIVE;
				CLANG_WARN_UNREACHABLE_CODE = YES;
				CLANG_WARN__DUPLICATE_METHOD_MATCH = YES;
				COPY_PHASE_STRIP = NO;
				DEBUG_INFORMATION_FORMAT = "dwarf-with-dsym";
				ENABLE_NS_ASSERTIONS = NO;
				ENABLE_STRICT_OBJC_MSGSEND = YES;
				ENABLE_USER_SCRIPT_SANDBOXING = YES;
				GCC_C_LANGUAGE_STANDARD = gnu17;
				GCC_NO_COMMON_BLOCKS = YES;
				GCC_WARN_64_TO_32_BIT_CONVERSION = YES;
				GCC_WARN_ABOUT_RETURN_TYPE = YES_ERROR;
				GCC_WARN_UNDECLARED_SELECTOR = YES;
				GCC_WARN_UNINITIALIZED_AUTOS = YES_AGGRESSIVE;
				GCC_WARN_UNUSED_FUNCTION = YES;
				GCC_WARN_UNUSED_VARIABLE = YES;
				IPHONEOS_DEPLOYMENT_TARGET = 17.5;
				LOCALIZATION_PREFERS_STRING_CATALOGS = YES;
				MTL_ENABLE_DEBUG_INFO = NO;
				MTL_FAST_MATH = YES;
				SDKROOT = iphoneos;
				SWIFT_COMPILATION_MODE = wholemodule;
				VALIDATE_PRODUCT = YES;
			};
			name = Release;
		};
		9EAB26272C359FFB009C2418 /* Debug */ = {
			isa = XCBuildConfiguration;
			buildSettings = {
				ASSETCATALOG_COMPILER_APPICON_NAME = AppIcon;
				ASSETCATALOG_COMPILER_GLOBAL_ACCENT_COLOR_NAME = AccentColor;
				CODE_SIGN_STYLE = Automatic;
				CURRENT_PROJECT_VERSION = 1;
				DEVELOPMENT_ASSET_PATHS = "\"CitySights/Preview Content\"";
				DEVELOPMENT_TEAM = LTW8V26RS8;
				ENABLE_PREVIEWS = YES;
				GENERATE_INFOPLIST_FILE = YES;
				INFOPLIST_FILE = CitySights/Info.plist;
				INFOPLIST_KEY_NSLocationWhenInUseUsageDescription = "This app request access to user location";
				INFOPLIST_KEY_UIApplicationSceneManifest_Generation = YES;
				INFOPLIST_KEY_UIApplicationSupportsIndirectInputEvents = YES;
				INFOPLIST_KEY_UILaunchScreen_Generation = YES;
				INFOPLIST_KEY_UISupportedInterfaceOrientations_iPad = "UIInterfaceOrientationPortrait UIInterfaceOrientationPortraitUpsideDown UIInterfaceOrientationLandscapeLeft UIInterfaceOrientationLandscapeRight";
				INFOPLIST_KEY_UISupportedInterfaceOrientations_iPhone = "UIInterfaceOrientationPortrait UIInterfaceOrientationLandscapeLeft UIInterfaceOrientationLandscapeRight";
				LD_RUNPATH_SEARCH_PATHS = (
					"$(inherited)",
					"@executable_path/Frameworks",
				);
				MARKETING_VERSION = 1.0;
				PRODUCT_BUNDLE_IDENTIFIER = com.tauantcamargo.CitySights;
				PRODUCT_NAME = "$(TARGET_NAME)";
				SWIFT_EMIT_LOC_STRINGS = YES;
				SWIFT_VERSION = 5.0;
				TARGETED_DEVICE_FAMILY = "1,2";
			};
			name = Debug;
		};
		9EAB26282C359FFB009C2418 /* Release */ = {
			isa = XCBuildConfiguration;
			buildSettings = {
				ASSETCATALOG_COMPILER_APPICON_NAME = AppIcon;
				ASSETCATALOG_COMPILER_GLOBAL_ACCENT_COLOR_NAME = AccentColor;
				CODE_SIGN_STYLE = Automatic;
				CURRENT_PROJECT_VERSION = 1;
				DEVELOPMENT_ASSET_PATHS = "\"CitySights/Preview Content\"";
				DEVELOPMENT_TEAM = LTW8V26RS8;
				ENABLE_PREVIEWS = YES;
				GENERATE_INFOPLIST_FILE = YES;
				INFOPLIST_FILE = CitySights/Info.plist;
				INFOPLIST_KEY_NSLocationWhenInUseUsageDescription = "This app request access to user location";
				INFOPLIST_KEY_UIApplicationSceneManifest_Generation = YES;
				INFOPLIST_KEY_UIApplicationSupportsIndirectInputEvents = YES;
				INFOPLIST_KEY_UILaunchScreen_Generation = YES;
				INFOPLIST_KEY_UISupportedInterfaceOrientations_iPad = "UIInterfaceOrientationPortrait UIInterfaceOrientationPortraitUpsideDown UIInterfaceOrientationLandscapeLeft UIInterfaceOrientationLandscapeRight";
				INFOPLIST_KEY_UISupportedInterfaceOrientations_iPhone = "UIInterfaceOrientationPortrait UIInterfaceOrientationLandscapeLeft UIInterfaceOrientationLandscapeRight";
				LD_RUNPATH_SEARCH_PATHS = (
					"$(inherited)",
					"@executable_path/Frameworks",
				);
				MARKETING_VERSION = 1.0;
				PRODUCT_BUNDLE_IDENTIFIER = com.tauantcamargo.CitySights;
				PRODUCT_NAME = "$(TARGET_NAME)";
				SWIFT_EMIT_LOC_STRINGS = YES;
				SWIFT_VERSION = 5.0;
				TARGETED_DEVICE_FAMILY = "1,2";
			};
			name = Release;
		};
/* End XCBuildConfiguration section */

/* Begin XCConfigurationList section */
		9EAB26132C359FFA009C2418 /* Build configuration list for PBXProject "CitySights" */ = {
			isa = XCConfigurationList;
			buildConfigurations = (
				9EAB26242C359FFB009C2418 /* Debug */,
				9EAB26252C359FFB009C2418 /* Release */,
			);
			defaultConfigurationIsVisible = 0;
			defaultConfigurationName = Release;
		};
		9EAB26262C359FFB009C2418 /* Build configuration list for PBXNativeTarget "CitySights" */ = {
			isa = XCConfigurationList;
			buildConfigurations = (
				9EAB26272C359FFB009C2418 /* Debug */,
				9EAB26282C359FFB009C2418 /* Release */,
			);
			defaultConfigurationIsVisible = 0;
			defaultConfigurationName = Release;
		};
/* End XCConfigurationList section */
	};
	rootObject = 9EAB26102C359FFA009C2418 /* Project object */;
}
